
Microsoft Visual Studio Solution File, Format Version 12.00
# Visual Studio Version 17
VisualStudioVersion = 17.2.32630.192
MinimumVisualStudioVersion = 10.0.40219.1
Project("{FAE04EC0-301F-11D3-BF4B-00C04F79EFBC}") = "StackandQueue", "StackandQueue.csproj", "{D444B1A5-FB73-4A71-9AC3-8A25B4BC5E75}"
EndProject
Global
	GlobalSection(SolutionConfigurationPlatforms) = preSolution
		Debug|Any CPU = Debug|Any CPU
		Release|Any CPU = Release|Any CPU
	EndGlobalSection
	GlobalSection(ProjectConfigurationPlatforms) = postSolution
		{D444B1A5-FB73-4A71-9AC3-8A25B4BC5E75}.Debug|Any CPU.ActiveCfg = Debug|Any CPU
		{D444B1A5-FB73-4A71-9AC3-8A25B4BC5E75}.Debug|Any CPU.Build.0 = Debug|Any CPU
		{D444B1A5-FB73-4A71-9AC3-8A25B4BC5E75}.Release|Any CPU.ActiveCfg = Release|Any CPU
		{D444B1A5-FB73-4A71-9AC3-8A25B4BC5E75}.Release|Any CPU.Build.0 = Release|Any CPU
	EndGlobalSection
	GlobalSection(SolutionProperties) = preSolution
		HideSolutionNode = FALSE
	EndGlobalSection
	GlobalSection(ExtensibilityGlobals) = postSolution
		SolutionGuid = {31F221AF-A7E0-4176-B811-3147B2292574}
	EndGlobalSection
EndGlobal
